
Microsoft Visual Studio Solution File, Format Version 12.00
# Visual Studio Version 17
VisualStudioVersion = 17.5.002.0
MinimumVisualStudioVersion = 10.0.40219.1
Project("{2150E333-8FDC-42A3-9474-1A3956D46DE8}") = "mslearn-ai-services", "mslearn-ai-services", "{486A3177-8D78-434A-B24C-EE23198EBD35}"
EndProject
Project("{2150E333-8FDC-42A3-9474-1A3956D46DE8}") = "Labfiles", "Labfiles", "{260A8F63-214E-41FB-877A-D167ADDA26E9}"
EndProject
Project("{2150E333-8FDC-42A3-9474-1A3956D46DE8}") = "01-use-azure-ai-services", "01-use-azure-ai-services", "{4BB03116-BC92-4292-821C-0C22E5778473}"
EndProject
Project("{2150E333-8FDC-42A3-9474-1A3956D46DE8}") = "C-Sharp", "C-Sharp", "{70C2640F-598E-4776-9C04-F60CE76901C8}"
EndProject
Project("{9A19103F-16F7-4668-BE54-9A1E7A4F7556}") = "rest_client", "mslearn-ai-services\Labfiles\01-use-azure-ai-services\C-Sharp\rest-client\rest_client.csproj", "{E1ACDFB9-382D-49CB-9EFD-72521705E7C4}"
EndProject
Project("{9A19103F-16F7-4668-BE54-9A1E7A4F7556}") = "sdk-client", "mslearn-ai-services\Labfiles\01-use-azure-ai-services\C-Sharp\sdk-client\sdk-client.csproj", "{4A85B831-3815-4AD3-8F21-8D25CB9112E7}"
EndProject
Project("{2150E333-8FDC-42A3-9474-1A3956D46DE8}") = "02-ai-services-security", "02-ai-services-security", "{04B25C97-0813-47A1-B385-EF62AFEF3024}"
EndProject
Project("{2150E333-8FDC-42A3-9474-1A3956D46DE8}") = "C-Sharp", "C-Sharp", "{C318648C-7674-42E0-85B8-F6B1E3EA32C5}"
EndProject
Project("{9A19103F-16F7-4668-BE54-9A1E7A4F7556}") = "keyvault_client", "mslearn-ai-services\Labfiles\02-ai-services-security\C-Sharp\keyvault_client\keyvault_client.csproj", "{2F0F7693-0BBD-4C0E-AE4E-C741C54DFE31}"
EndProject
Global
	GlobalSection(SolutionConfigurationPlatforms) = preSolution
		Debug|Any CPU = Debug|Any CPU
		Release|Any CPU = Release|Any CPU
	EndGlobalSection
	GlobalSection(ProjectConfigurationPlatforms) = postSolution
		{E1ACDFB9-382D-49CB-9EFD-72521705E7C4}.Debug|Any CPU.ActiveCfg = Debug|Any CPU
		{E1ACDFB9-382D-49CB-9EFD-72521705E7C4}.Debug|Any CPU.Build.0 = Debug|Any CPU
		{E1ACDFB9-382D-49CB-9EFD-72521705E7C4}.Release|Any CPU.ActiveCfg = Release|Any CPU
		{E1ACDFB9-382D-49CB-9EFD-72521705E7C4}.Release|Any CPU.Build.0 = Release|Any CPU
		{4A85B831-3815-4AD3-8F21-8D25CB9112E7}.Debug|Any CPU.ActiveCfg = Debug|Any CPU
		{4A85B831-3815-4AD3-8F21-8D25CB9112E7}.Debug|Any CPU.Build.0 = Debug|Any CPU
		{4A85B831-3815-4AD3-8F21-8D25CB9112E7}.Release|Any CPU.ActiveCfg = Release|Any CPU
		{4A85B831-3815-4AD3-8F21-8D25CB9112E7}.Release|Any CPU.Build.0 = Release|Any CPU
		{2F0F7693-0BBD-4C0E-AE4E-C741C54DFE31}.Debug|Any CPU.ActiveCfg = Debug|Any CPU
		{2F0F7693-0BBD-4C0E-AE4E-C741C54DFE31}.Debug|Any CPU.Build.0 = Debug|Any CPU
		{2F0F7693-0BBD-4C0E-AE4E-C741C54DFE31}.Release|Any CPU.ActiveCfg = Release|Any CPU
		{2F0F7693-0BBD-4C0E-AE4E-C741C54DFE31}.Release|Any CPU.Build.0 = Release|Any CPU
	EndGlobalSection
	GlobalSection(SolutionProperties) = preSolution
		HideSolutionNode = FALSE
	EndGlobalSection
	GlobalSection(NestedProjects) = preSolution
		{260A8F63-214E-41FB-877A-D167ADDA26E9} = {486A3177-8D78-434A-B24C-EE23198EBD35}
		{4BB03116-BC92-4292-821C-0C22E5778473} = {260A8F63-214E-41FB-877A-D167ADDA26E9}
		{70C2640F-598E-4776-9C04-F60CE76901C8} = {4BB03116-BC92-4292-821C-0C22E5778473}
		{E1ACDFB9-382D-49CB-9EFD-72521705E7C4} = {70C2640F-598E-4776-9C04-F60CE76901C8}
		{4A85B831-3815-4AD3-8F21-8D25CB9112E7} = {70C2640F-598E-4776-9C04-F60CE76901C8}
		{04B25C97-0813-47A1-B385-EF62AFEF3024} = {260A8F63-214E-41FB-877A-D167ADDA26E9}
		{C318648C-7674-42E0-85B8-F6B1E3EA32C5} = {04B25C97-0813-47A1-B385-EF62AFEF3024}
		{2F0F7693-0BBD-4C0E-AE4E-C741C54DFE31} = {C318648C-7674-42E0-85B8-F6B1E3EA32C5}
	EndGlobalSection
	GlobalSection(ExtensibilityGlobals) = postSolution
		SolutionGuid = {4CC6501A-FCDC-4E19-9B30-25CFC55D4D2D}
	EndGlobalSection
EndGlobal
